
Microsoft Visual Studio Solution File, Format Version 12.00
# Visual Studio 15
VisualStudioVersion = 15.0.27428.2005
MinimumVisualStudioVersion = 10.0.40219.1
Project("{FAE04EC0-301F-11D3-BF4B-00C04F79EFBC}") = "BafBand", "BafBand\BafBand.csproj", "{0CAC1C86-1C10-4F62-9FD5-28FB314FCAF2}"
EndProject
Global
	GlobalSection(SolutionConfigurationPlatforms) = preSolution
		Debug|Any CPU = Debug|Any CPU
		Release|Any CPU = Release|Any CPU
	EndGlobalSection
	GlobalSection(ProjectConfigurationPlatforms) = postSolution
		{0CAC1C86-1C10-4F62-9FD5-28FB314FCAF2}.Debug|Any CPU.ActiveCfg = Debug|Any CPU
		{0CAC1C86-1C10-4F62-9FD5-28FB314FCAF2}.Debug|Any CPU.Build.0 = Debug|Any CPU
		{0CAC1C86-1C10-4F62-9FD5-28FB314FCAF2}.Release|Any CPU.ActiveCfg = Release|Any CPU
		{0CAC1C86-1C10-4F62-9FD5-28FB314FCAF2}.Release|Any CPU.Build.0 = Release|Any CPU
	EndGlobalSection
	GlobalSection(SolutionProperties) = preSolution
		HideSolutionNode = FALSE
	EndGlobalSection
	GlobalSection(ExtensibilityGlobals) = postSolution
		SolutionGuid = {79A3159B-D4A9-4BCC-898A-1872B918ED15}
	EndGlobalSection
EndGlobal
